
Microsoft Visual Studio Solution File, Format Version 12.00
# Visual Studio Version 17
VisualStudioVersion = 17.8.34330.188
MinimumVisualStudioVersion = 10.0.40219.1
Project("{FAE04EC0-301F-11D3-BF4B-00C04F79EFBC}") = "MiddlewareExample", "MiddlewareExample\MiddlewareExample.csproj", "{9637B39F-2DE1-4348-805A-E93BCB603923}"
EndProject
Global
	GlobalSection(SolutionConfigurationPlatforms) = preSolution
		Debug|Any CPU = Debug|Any CPU
		Release|Any CPU = Release|Any CPU
	EndGlobalSection
	GlobalSection(ProjectConfigurationPlatforms) = postSolution
		{9637B39F-2DE1-4348-805A-E93BCB603923}.Debug|Any CPU.ActiveCfg = Debug|Any CPU
		{9637B39F-2DE1-4348-805A-E93BCB603923}.Debug|Any CPU.Build.0 = Debug|Any CPU
		{9637B39F-2DE1-4348-805A-E93BCB603923}.Release|Any CPU.ActiveCfg = Release|Any CPU
		{9637B39F-2DE1-4348-805A-E93BCB603923}.Release|Any CPU.Build.0 = Release|Any CPU
	EndGlobalSection
	GlobalSection(SolutionProperties) = preSolution
		HideSolutionNode = FALSE
	EndGlobalSection
	GlobalSection(ExtensibilityGlobals) = postSolution
		SolutionGuid = {01FC0A7E-5311-4E50-AE8E-02B91D4D6B51}
	EndGlobalSection
EndGlobal
